esbuild-darwin-64@0.14.39:
  version "0.14.39"
  resolved "https://registry.npmjs.org/esbuild-darwin-64/-/esbuild-darwin-64-0.14.39.tgz"
  integrity sha512-ImT6eUw3kcGcHoUxEcdBpi6LfTRWaV6+qf32iYYAfwOeV+XaQ/Xp5XQIBiijLeo+LpGci9M0FVec09nUw41a5g==

esbuild-linux-64@0.14.39:
  version "0.14.39"
  resolved "https://registry.npmjs.org/esbuild-linux-64/-/esbuild-linux-64-0.14.39.tgz"
  integrity sha512-VvyGhY6YzV6D2IFy6lhg5CmnO5UZW38lzPo/0F4xZ/FsMRY9oHYI2eK8sUjz+oOXQ3J/9n5q64swobPPfrj+rw==

esbuild-windows-64@0.14.39:
  version "0.14.39"
  resolved "https://registry.npmjs.org/esbuild-windows-64/-/esbuild-windows-64-0.14.39.tgz"
  integrity sha512-uC8N4OrE3EwnHzc2cFG3mGKeq0Fkz7OohS6plzZPVkylFoF1Ssjf5EOM1cTXrYny6QLYKHAcOBfqfgZ4BslEDw==

esbuild-windows-arm64@0.14.39:
  version "0.14.39"
  resolved "https://registry.npmjs.org/esbuild-windows-arm64/-/esbuild-windows-arm64-0.14.39.tgz"
  integrity sha512-gJXdrKxj0Hml7qW8kLgwnxxrwT9MNZKkOfQqaGzR9VoGTR0QowvBd2LoYOxjDxM0Uo29DWdrMX4S2yaDFmFhlA==


  version "0.14.39"
  resolved "https://registry.npmjs.org/esbuild/-/esbuild-0.14.39.tgz"
  integrity sha512-s6FV2XJLqE0nMQVxdKqLNYL3sQsZbJdD2+q4Z+46qWwKwWyo6yTrTOOnzMn7L3xgxqEw/xr2ZlY9gPaKf4i2BQ==
  optionalDependencies:
    
    
    
    
  version "2.3.2"
  resolved "https://registry.npmjs.org/fsevents/-/fsevents-2.3.2.tgz"
  integrity sha512-xiqMQR4xAeHTuB9uWm+fFRcIOgKBMiOBP+eXiyT7jsgVCq1bkVygt00oASowB7EdtpOHaaPgKt812P9ab+DDKA==
  optional true

function-bind@^1.1.1:
  version "1.1.1"
  resolved "https://registry.npmjs.org/function-bind/-/function-bind-1.1.1.tgz"
  integrity sha512-yIwlAyoX1m2fIo6MYyBkgS6QSEK3K4F/Z+6NydMaN9HkD6G19UDHz/MzRkp9yT3nAOvY0ZmQnpKF1zXoc4B1yQ==